// !$*UTF8*$!
{
	archiveVersion = 1;
	classes = {
	};
	objectVersion = 46;
	objects = {

/* Begin PBXBuildFile section */
		4515CE101C045AC5009071CD /* SwiftDictModel.swift in Sources */ = {isa = PBXBuildFile; fileRef = 4515CE0F1C045AC5009071CD /* SwiftDictModel.swift */; };
		452C6CB01C0353CC0085328D /* OAuthViewController.swift in Sources */ = {isa = PBXBuildFile; fileRef = 452C6CAE1C0353CC0085328D /* OAuthViewController.swift */; };
		452C6CB11C0353CC0085328D /* OAuthViewController.xib in Resources */ = {isa = PBXBuildFile; fileRef = 452C6CAF1C0353CC0085328D /* OAuthViewController.xib */; };
		452C6CB31C037F020085328D /* NetWorkManager.swift in Sources */ = {isa = PBXBuildFile; fileRef = 452C6CB21C037F020085328D /* NetWorkManager.swift */; };
		455A37AB1C01C4A1002760CA /* SimpleNetWork.swift in Sources */ = {isa = PBXBuildFile; fileRef = 455A37AA1C01C4A1002760CA /* SimpleNetWork.swift */; };
		455B29771BFF964B00812ADA /* AppDelegate.swift in Sources */ = {isa = PBXBuildFile; fileRef = 455B29761BFF964B00812ADA /* AppDelegate.swift */; };
		455B297E1BFF964B00812ADA /* Assets.xcassets in Resources */ = {isa = PBXBuildFile; fileRef = 455B297D1BFF964B00812ADA /* Assets.xcassets */; };
		455B29811BFF964B00812ADA /* LaunchScreen.storyboard in Resources */ = {isa = PBXBuildFile; fileRef = 455B297F1BFF964B00812ADA /* LaunchScreen.storyboard */; };
		455B298C1BFF964B00812ADA /* NightTests.swift in Sources */ = {isa = PBXBuildFile; fileRef = 455B298B1BFF964B00812ADA /* NightTests.swift */; };
		455B29971BFF964B00812ADA /* NightUITests.swift in Sources */ = {isa = PBXBuildFile; fileRef = 455B29961BFF964B00812ADA /* NightUITests.swift */; };
		455B29B21BFF998700812ADA /* BaseTabBarController.swift in Sources */ = {isa = PBXBuildFile; fileRef = 455B29B11BFF998700812ADA /* BaseTabBarController.swift */; };
		455B29B51BFF9C0900812ADA /* HomeTableViewController.swift in Sources */ = {isa = PBXBuildFile; fileRef = 455B29B31BFF9C0900812ADA /* HomeTableViewController.swift */; };
		455B29B61BFF9C0900812ADA /* HomeTableViewController.xib in Resources */ = {isa = PBXBuildFile; fileRef = 455B29B41BFF9C0900812ADA /* HomeTableViewController.xib */; };
		455B29B91BFF9C1700812ADA /* DiscoverTableViewController.swift in Sources */ = {isa = PBXBuildFile; fileRef = 455B29B71BFF9C1700812ADA /* DiscoverTableViewController.swift */; };
		455B29BA1BFF9C1700812ADA /* DiscoverTableViewController.xib in Resources */ = {isa = PBXBuildFile; fileRef = 455B29B81BFF9C1700812ADA /* DiscoverTableViewController.xib */; };
		455B29BD1BFF9C2300812ADA /* ComposeTableViewController.swift in Sources */ = {isa = PBXBuildFile; fileRef = 455B29BB1BFF9C2300812ADA /* ComposeTableViewController.swift */; };
		455B29BE1BFF9C2300812ADA /* ComposeTableViewController.xib in Resources */ = {isa = PBXBuildFile; fileRef = 455B29BC1BFF9C2300812ADA /* ComposeTableViewController.xib */; };
		455B29C11BFF9C2E00812ADA /* MeTableViewController.swift in Sources */ = {isa = PBXBuildFile; fileRef = 455B29BF1BFF9C2E00812ADA /* MeTableViewController.swift */; };
		455B29C21BFF9C2E00812ADA /* MeTableViewController.xib in Resources */ = {isa = PBXBuildFile; fileRef = 455B29C01BFF9C2E00812ADA /* MeTableViewController.xib */; };
		455B29C51BFF9C3B00812ADA /* MessageTableViewController.swift in Sources */ = {isa = PBXBuildFile; fileRef = 455B29C31BFF9C3B00812ADA /* MessageTableViewController.swift */; };
		455B29C61BFF9C3B00812ADA /* MessageTableViewController.xib in Resources */ = {isa = PBXBuildFile; fileRef = 455B29C41BFF9C3B00812ADA /* MessageTableViewController.xib */; };
		455B29C81BFF9F3F00812ADA /* BaseTabBar.swift in Sources */ = {isa = PBXBuildFile; fileRef = 455B29C71BFF9F3F00812ADA /* BaseTabBar.swift */; };
		455B29CC1BFFA37500812ADA /* SearchTableViewController.swift in Sources */ = {isa = PBXBuildFile; fileRef = 455B29CA1BFFA37500812ADA /* SearchTableViewController.swift */; };
		455B29CD1BFFA37500812ADA /* SearchTableViewController.xib in Resources */ = {isa = PBXBuildFile; fileRef = 455B29CB1BFFA37500812ADA /* SearchTableViewController.xib */; };
/* End PBXBuildFile section */

/* Begin PBXContainerItemProxy section */
		455B29881BFF964B00812ADA /* PBXContainerItemProxy */ = {
			isa = PBXContainerItemProxy;
			containerPortal = 455B296B1BFF964B00812ADA /* Project object */;
			proxyType = 1;
			remoteGlobalIDString = 455B29721BFF964B00812ADA;
			remoteInfo = Night;
		};
		455B29931BFF964B00812ADA /* PBXContainerItemProxy */ = {
			isa = PBXContainerItemProxy;
			containerPortal = 455B296B1BFF964B00812ADA /* Project object */;
			proxyType = 1;
			remoteGlobalIDString = 455B29721BFF964B00812ADA;
			remoteInfo = Night;
		};
/* End PBXContainerItemProxy section */

/* Begin PBXFileReference section */
		4515CE0F1C045AC5009071CD /* SwiftDictModel.swift */ = {isa = PBXFileReference; fileEncoding = 4; lastKnownFileType = sourcecode.swift; path = SwiftDictModel.swift; sourceTree = "<group>"; };
		452C6CAE1C0353CC0085328D /* OAuthViewController.swift */ = {isa = PBXFileReference; fileEncoding = 4; lastKnownFileType = sourcecode.swift; path = OAuthViewController.swift; sourceTree = "<group>"; };
		452C6CAF1C0353CC0085328D /* OAuthViewController.xib */ = {isa = PBXFileReference; fileEncoding = 4; lastKnownFileType = file.xib; path = OAuthViewController.xib; sourceTree = "<group>"; };
		452C6CB21C037F020085328D /* NetWorkManager.swift */ = {isa = PBXFileReference; fileEncoding = 4; lastKnownFileType = sourcecode.swift; path = NetWorkManager.swift; sourceTree = "<group>"; };
		455A37AA1C01C4A1002760CA /* SimpleNetWork.swift */ = {isa = PBXFileReference; fileEncoding = 4; lastKnownFileType = sourcecode.swift; path = SimpleNetWork.swift; sourceTree = "<group>"; };
		455B29731BFF964B00812ADA /* Night.app */ = {isa = PBXFileReference; explicitFileType = wrapper.application; includeInIndex = 0; path = Night.app; sourceTree = BUILT_PRODUCTS_DIR; };
		455B29761BFF964B00812ADA /* AppDelegate.swift */ = {isa = PBXFileReference; lastKnownFileType = sourcecode.swift; path = AppDelegate.swift; sourceTree = "<group>"; };
		455B297D1BFF964B00812ADA /* Assets.xcassets */ = {isa = PBXFileReference; lastKnownFileType = folder.assetcatalog; path = Assets.xcassets; sourceTree = "<group>"; };
		455B29801BFF964B00812ADA /* Base */ = {isa = PBXFileReference; lastKnownFileType = file.storyboard; name = Base; path = Base.lproj/LaunchScreen.storyboard; sourceTree = "<group>"; };
		455B29821BFF964B00812ADA /* Info.plist */ = {isa = PBXFileReference; lastKnownFileType = text.plist.xml; path = Info.plist; sourceTree = "<group>"; };
		455B29871BFF964B00812ADA /* NightTests.xctest */ = {isa = PBXFileReference; explicitFileType = wrapper.cfbundle; includeInIndex = 0; path = NightTests.xctest; sourceTree = BUILT_PRODUCTS_DIR; };
		455B298B1BFF964B00812ADA /* NightTests.swift */ = {isa = PBXFileReference; lastKnownFileType = sourcecode.swift; path = NightTests.swift; sourceTree = "<group>"; };
		455B298D1BFF964B00812ADA /* Info.plist */ = {isa = PBXFileReference; lastKnownFileType = text.plist.xml; path = Info.plist; sourceTree = "<group>"; };
		455B29921BFF964B00812ADA /* NightUITests.xctest */ = {isa = PBXFileReference; explicitFileType = wrapper.cfbundle; includeInIndex = 0; path = NightUITests.xctest; sourceTree = BUILT_PRODUCTS_DIR; };
		455B29961BFF964B00812ADA /* NightUITests.swift */ = {isa = PBXFileReference; lastKnownFileType = sourcecode.swift; path = NightUITests.swift; sourceTree = "<group>"; };
		455B29981BFF964B00812ADA /* Info.plist */ = {isa = PBXFileReference; lastKnownFileType = text.plist.xml; path = Info.plist; sourceTree = "<group>"; };
		455B29B11BFF998700812ADA /* BaseTabBarController.swift */ = {isa = PBXFileReference; fileEncoding = 4; lastKnownFileType = sourcecode.swift; path = BaseTabBarController.swift; sourceTree = "<group>"; };
		455B29B31BFF9C0900812ADA /* HomeTableViewController.swift */ = {isa = PBXFileReference; fileEncoding = 4; lastKnownFileType = sourcecode.swift; path = HomeTableViewController.swift; sourceTree = "<group>"; };
		455B29B41BFF9C0900812ADA /* HomeTableViewController.xib */ = {isa = PBXFileReference; fileEncoding = 4; lastKnownFileType = file.xib; path = HomeTableViewController.xib; sourceTree = "<group>"; };
		455B29B71BFF9C1700812ADA /* DiscoverTableViewController.swift */ = {isa = PBXFileReference; fileEncoding = 4; lastKnownFileType = sourcecode.swift; path = DiscoverTableViewController.swift; sourceTree = "<group>"; };
		455B29B81BFF9C1700812ADA /* DiscoverTableViewController.xib */ = {isa = PBXFileReference; fileEncoding = 4; lastKnownFileType = file.xib; path = DiscoverTableViewController.xib; sourceTree = "<group>"; };
		455B29BB1BFF9C2300812ADA /* ComposeTableViewController.swift */ = {isa = PBXFileReference; fileEncoding = 4; lastKnownFileType = sourcecode.swift; path = ComposeTableViewController.swift; sourceTree = "<group>"; };
		455B29BC1BFF9C2300812ADA /* ComposeTableViewController.xib */ = {isa = PBXFileReference; fileEncoding = 4; lastKnownFileType = file.xib; path = ComposeTableViewController.xib; sourceTree = "<group>"; };
		455B29BF1BFF9C2E00812ADA /* MeTableViewController.swift */ = {isa = PBXFileReference; fileEncoding = 4; lastKnownFileType = sourcecode.swift; path = MeTableViewController.swift; sourceTree = "<group>"; };
		455B29C01BFF9C2E00812ADA /* MeTableViewController.xib */ = {isa = PBXFileReference; fileEncoding = 4; lastKnownFileType = file.xib; path = MeTableViewController.xib; sourceTree = "<group>"; };
		455B29C31BFF9C3B00812ADA /* MessageTableViewController.swift */ = {isa = PBXFileReference; fileEncoding = 4; lastKnownFileType = sourcecode.swift; path = MessageTableViewController.swift; sourceTree = "<group>"; };
		455B29C41BFF9C3B00812ADA /* MessageTableViewController.xib */ = {isa = PBXFileReference; fileEncoding = 4; lastKnownFileType = file.xib; path = MessageTableViewController.xib; sourceTree = "<group>"; };
		455B29C71BFF9F3F00812ADA /* BaseTabBar.swift */ = {isa = PBXFileReference; fileEncoding = 4; lastKnownFileType = sourcecode.swift; path = BaseTabBar.swift; sourceTree = "<group>"; };
		455B29CA1BFFA37500812ADA /* SearchTableViewController.swift */ = {isa = PBXFileReference; fileEncoding = 4; lastKnownFileType = sourcecode.swift; path = SearchTableViewController.swift; sourceTree = "<group>"; };
		455B29CB1BFFA37500812ADA /* SearchTableViewController.xib */ = {isa = PBXFileReference; fileEncoding = 4; lastKnownFileType = file.xib; path = SearchTableViewController.xib; sourceTree = "<group>"; };
/* End PBXFileReference section */

/* Begin PBXFrameworksBuildPhase section */
		455B29701BFF964B00812ADA /* Frameworks */ = {
			isa = PBXFrameworksBuildPhase;
			buildActionMask = 2147483647;
			files = (
			);
			runOnlyForDeploymentPostprocessing = 0;
		};
		455B29841BFF964B00812ADA /* Frameworks */ = {
			isa = PBXFrameworksBuildPhase;
			buildActionMask = 2147483647;
			files = (
			);
			runOnlyForDeploymentPostprocessing = 0;
		};
		455B298F1BFF964B00812ADA /* Frameworks */ = {
			isa = PBXFrameworksBuildPhase;
			buildActionMask = 2147483647;
			files = (
			);
			runOnlyForDeploymentPostprocessing = 0;
		};
/* End PBXFrameworksBuildPhase section */

/* Begin PBXGroup section */
		455B296A1BFF964B00812ADA = {
			isa = PBXGroup;
			children = (
				455B29751BFF964B00812ADA /* Night */,
				455B298A1BFF964B00812ADA /* NightTests */,
				455B29951BFF964B00812ADA /* NightUITests */,
				455B29741BFF964B00812ADA /* Products */,
			);
			sourceTree = "<group>";
		};
		455B29741BFF964B00812ADA /* Products */ = {
			isa = PBXGroup;
			children = (
				455B29731BFF964B00812ADA /* Night.app */,
				455B29871BFF964B00812ADA /* NightTests.xctest */,
				455B29921BFF964B00812ADA /* NightUITests.xctest */,
			);
			name = Products;
			sourceTree = "<group>";
		};
		455B29751BFF964B00812ADA /* Night */ = {
			isa = PBXGroup;
			children = (
				455B29A41BFF970A00812ADA /* Classes */,
				455B29761BFF964B00812ADA /* AppDelegate.swift */,
				455B297D1BFF964B00812ADA /* Assets.xcassets */,
				455B297F1BFF964B00812ADA /* LaunchScreen.storyboard */,
				455B29821BFF964B00812ADA /* Info.plist */,
			);
			path = Night;
			sourceTree = "<group>";
		};
		455B298A1BFF964B00812ADA /* NightTests */ = {
			isa = PBXGroup;
			children = (
				455B298B1BFF964B00812ADA /* NightTests.swift */,
				455B298D1BFF964B00812ADA /* Info.plist */,
			);
			path = NightTests;
			sourceTree = "<group>";
		};
		455B29951BFF964B00812ADA /* NightUITests */ = {
			isa = PBXGroup;
			children = (
				455B29961BFF964B00812ADA /* NightUITests.swift */,
				455B29981BFF964B00812ADA /* Info.plist */,
			);
			path = NightUITests;
			sourceTree = "<group>";
		};
		455B29A41BFF970A00812ADA /* Classes */ = {
			isa = PBXGroup;
			children = (
				455B29A51BFF970A00812ADA /* BusinessModel */,
				455B29A61BFF970A00812ADA /* Extension */,
				455B29A71BFF970A00812ADA /* Other */,
				455B29A81BFF970A00812ADA /* Tool */,
				455B29A91BFF970A00812ADA /* UI */,
			);
			path = Classes;
			sourceTree = "<group>";
		};
		455B29A51BFF970A00812ADA /* BusinessModel */ = {
			isa = PBXGroup;
			children = (
			);
			path = BusinessModel;
			sourceTree = "<group>";
		};
		455B29A61BFF970A00812ADA /* Extension */ = {
			isa = PBXGroup;
			children = (
			);
			path = Extension;
			sourceTree = "<group>";
		};
		455B29A71BFF970A00812ADA /* Other */ = {
			isa = PBXGroup;
			children = (
			);
			path = Other;
			sourceTree = "<group>";
		};
		455B29A81BFF970A00812ADA /* Tool */ = {
			isa = PBXGroup;
			children = (
				455A37AA1C01C4A1002760CA /* SimpleNetWork.swift */,
				452C6CB21C037F020085328D /* NetWorkManager.swift */,
				4515CE0F1C045AC5009071CD /* SwiftDictModel.swift */,
			);
			path = Tool;
			sourceTree = "<group>";
		};
		455B29A91BFF970A00812ADA /* UI */ = {
			isa = PBXGroup;
			children = (
				455B29C91BFFA36300812ADA /* Search */,
				455B29AA1BFF970A00812ADA /* Base */,
				455B29AB1BFF970A00812ADA /* Compose */,
				455B29AC1BFF970A00812ADA /* Discover */,
				455B29AD1BFF970A00812ADA /* Home */,
				455B29AE1BFF970A00812ADA /* Me */,
				455B29AF1BFF970A00812ADA /* Message */,
				455B29B01BFF970A00812ADA /* OAuth */,
			);
			path = UI;
			sourceTree = "<group>";
		};
		455B29AA1BFF970A00812ADA /* Base */ = {
			isa = PBXGroup;
			children = (
				455B29B11BFF998700812ADA /* BaseTabBarController.swift */,
				455B29C71BFF9F3F00812ADA /* BaseTabBar.swift */,
			);
			path = Base;
			sourceTree = "<group>";
		};
		455B29AB1BFF970A00812ADA /* Compose */ = {
			isa = PBXGroup;
			children = (
				455B29BB1BFF9C2300812ADA /* ComposeTableViewController.swift */,
				455B29BC1BFF9C2300812ADA /* ComposeTableViewController.xib */,
			);
			path = Compose;
			sourceTree = "<group>";
		};
		455B29AC1BFF970A00812ADA /* Discover */ = {
			isa = PBXGroup;
			children = (
				455B29B71BFF9C1700812ADA /* DiscoverTableViewController.swift */,
				455B29B81BFF9C1700812ADA /* DiscoverTableViewController.xib */,
			);
			path = Discover;
			sourceTree = "<group>";
		};
		455B29AD1BFF970A00812ADA /* Home */ = {
			isa = PBXGroup;
			children = (
				455B29B31BFF9C0900812ADA /* HomeTableViewController.swift */,
				455B29B41BFF9C0900812ADA /* HomeTableViewController.xib */,
			);
			path = Home;
			sourceTree = "<group>";
		};
		455B29AE1BFF970A00812ADA /* Me */ = {
			isa = PBXGroup;
			children = (
				455B29BF1BFF9C2E00812ADA /* MeTableViewController.swift */,
				455B29C01BFF9C2E00812ADA /* MeTableViewController.xib */,
			);
			path = Me;
			sourceTree = "<group>";
		};
		455B29AF1BFF970A00812ADA /* Message */ = {
			isa = PBXGroup;
			children = (
				455B29C31BFF9C3B00812ADA /* MessageTableViewController.swift */,
				455B29C41BFF9C3B00812ADA /* MessageTableViewController.xib */,
			);
			path = Message;
			sourceTree = "<group>";
		};
		455B29B01BFF970A00812ADA /* OAuth */ = {
			isa = PBXGroup;
			children = (
				452C6CAE1C0353CC0085328D /* OAuthViewController.swift */,
				452C6CAF1C0353CC0085328D /* OAuthViewController.xib */,
			);
			path = OAuth;
			sourceTree = "<group>";
		};
		455B29C91BFFA36300812ADA /* Search */ = {
			isa = PBXGroup;
			children = (
				455B29CA1BFFA37500812ADA /* SearchTableViewController.swift */,
				455B29CB1BFFA37500812ADA /* SearchTableViewController.xib */,
			);
			path = Search;
			sourceTree = "<group>";
		};
/* End PBXGroup section */

/* Begin PBXNativeTarget section */
		455B29721BFF964B00812ADA /* Night */ = {
			isa = PBXNativeTarget;
			buildConfigurationList = 455B299B1BFF964B00812ADA /* Build configuration list for PBXNativeTarget "Night" */;
			buildPhases = (
				455B296F1BFF964B00812ADA /* Sources */,
				455B29701BFF964B00812ADA /* Frameworks */,
				455B29711BFF964B00812ADA /* Resources */,
			);
			buildRules = (
			);
			dependencies = (
			);
			name = Night;
			productName = Night;
			productReference = 455B29731BFF964B00812ADA /* Night.app */;
			productType = "com.apple.product-type.application";
		};
		455B29861BFF964B00812ADA /* NightTests */ = {
			isa = PBXNativeTarget;
			buildConfigurationList = 455B299E1BFF964B00812ADA /* Build configuration list for PBXNativeTarget "NightTests" */;
			buildPhases = (
				455B29831BFF964B00812ADA /* Sources */,
				455B29841BFF964B00812ADA /* Frameworks */,
				455B29851BFF964B00812ADA /* Resources */,
			);
			buildRules = (
			);
			dependencies = (
				455B29891BFF964B00812ADA /* PBXTargetDependency */,
			);
			name = NightTests;
			productName = NightTests;
			productReference = 455B29871BFF964B00812ADA /* NightTests.xctest */;
			productType = "com.apple.product-type.bundle.unit-test";
		};
		455B29911BFF964B00812ADA /* NightUITests */ = {
			isa = PBXNativeTarget;
			buildConfigurationList = 455B29A11BFF964B00812ADA /* Build configuration list for PBXNativeTarget "NightUITests" */;
			buildPhases = (
				455B298E1BFF964B00812ADA /* Sources */,
				455B298F1BFF964B00812ADA /* Frameworks */,
				455B29901BFF964B00812ADA /* Resources */,
			);
			buildRules = (
			);
			dependencies = (
				455B29941BFF964B00812ADA /* PBXTargetDependency */,
			);
			name = NightUITests;
			productName = NightUITests;
			productReference = 455B29921BFF964B00812ADA /* NightUITests.xctest */;
			productType = "com.apple.product-type.bundle.ui-testing";
		};
/* End PBXNativeTarget section */

/* Begin PBXProject section */
		455B296B1BFF964B00812ADA /* Project object */ = {
			isa = PBXProject;
			attributes = {
				LastSwiftUpdateCheck = 0710;
				LastUpgradeCheck = 0710;
				ORGANIZATIONNAME = Air.;
				TargetAttributes = {
					455B29721BFF964B00812ADA = {
						CreatedOnToolsVersion = 7.1.1;
					};
					455B29861BFF964B00812ADA = {
						CreatedOnToolsVersion = 7.1.1;
						TestTargetID = 455B29721BFF964B00812ADA;
					};
					455B29911BFF964B00812ADA = {
						CreatedOnToolsVersion = 7.1.1;
						TestTargetID = 455B29721BFF964B00812ADA;
					};
				};
			};
			buildConfigurationList = 455B296E1BFF964B00812ADA /* Build configuration list for PBXProject "Night" */;
			compatibilityVersion = "Xcode 3.2";
			developmentRegion = English;
			hasScannedForEncodings = 0;
			knownRegions = (
				en,
				Base,
			);
			mainGroup = 455B296A1BFF964B00812ADA;
			productRefGroup = 455B29741BFF964B00812ADA /* Products */;
			projectDirPath = "";
			projectRoot = "";
			targets = (
				455B29721BFF964B00812ADA /* Night */,
				455B29861BFF964B00812ADA /* NightTests */,
				455B29911BFF964B00812ADA /* NightUITests */,
			);
		};
/* End PBXProject section */

/* Begin PBXResourcesBuildPhase section */
		455B29711BFF964B00812ADA /* Resources */ = {
			isa = PBXResourcesBuildPhase;
			buildActionMask = 2147483647;
			files = (
				455B29BE1BFF9C2300812ADA /* ComposeTableViewController.xib in Resources */,
				452C6CB11C0353CC0085328D /* OAuthViewController.xib in Resources */,
				455B29811BFF964B00812ADA /* LaunchScreen.storyboard in Resources */,
				455B29B61BFF9C0900812ADA /* HomeTableViewController.xib in Resources */,
				455B29CD1BFFA37500812ADA /* SearchTableViewController.xib in Resources */,
				455B29BA1BFF9C1700812ADA /* DiscoverTableViewController.xib in Resources */,
				455B29C61BFF9C3B00812ADA /* MessageTableViewController.xib in Resources */,
				455B297E1BFF964B00812ADA /* Assets.xcassets in Resources */,
				455B29C21BFF9C2E00812ADA /* MeTableViewController.xib in Resources */,
			);
			runOnlyForDeploymentPostprocessing = 0;
		};
		455B29851BFF964B00812ADA /* Resources */ = {
			isa = PBXResourcesBuildPhase;
			buildActionMask = 2147483647;
			files = (
			);
			runOnlyForDeploymentPostprocessing = 0;
		};
		455B29901BFF964B00812ADA /* Resources */ = {
			isa = PBXResourcesBuildPhase;
			buildActionMask = 2147483647;
			files = (
			);
			runOnlyForDeploymentPostprocessing = 0;
		};
/* End PBXResourcesBuildPhase section */

/* Begin PBXSourcesBuildPhase section */
		455B296F1BFF964B00812ADA /* Sources */ = {
			isa = PBXSourcesBuildPhase;
			buildActionMask = 2147483647;
			files = (
				455B29B51BFF9C0900812ADA /* HomeTableViewController.swift in Sources */,
				455B29CC1BFFA37500812ADA /* SearchTableViewController.swift in Sources */,
				455A37AB1C01C4A1002760CA /* SimpleNetWork.swift in Sources */,
				455B29C11BFF9C2E00812ADA /* MeTableViewController.swift in Sources */,
				455B29C81BFF9F3F00812ADA /* BaseTabBar.swift in Sources */,
				455B29BD1BFF9C2300812ADA /* ComposeTableViewController.swift in Sources */,
				455B29771BFF964B00812ADA /* AppDelegate.swift in Sources */,
				455B29B91BFF9C1700812ADA /* DiscoverTableViewController.swift in Sources */,
				452C6CB31C037F020085328D /* NetWorkManager.swift in Sources */,
				4515CE101C045AC5009071CD /* SwiftDictModel.swift in Sources */,
				455B29C51BFF9C3B00812ADA /* MessageTableViewController.swift in Sources */,
				452C6CB01C0353CC0085328D /* OAuthViewController.swift in Sources */,
				455B29B21BFF998700812ADA /* BaseTabBarController.swift in Sources */,
			);
			runOnlyForDeploymentPostprocessing = 0;
		};
		455B29831BFF964B00812ADA /* Sources */ = {
			isa = PBXSourcesBuildPhase;
			buildActionMask = 2147483647;
			files = (
				455B298C1BFF964B00812ADA /* NightTests.swift in Sources */,
			);
			runOnlyForDeploymentPostprocessing = 0;
		};
		455B298E1BFF964B00812ADA /* Sources */ = {
			isa = PBXSourcesBuildPhase;
			buildActionMask = 2147483647;
			files = (
				455B29971BFF964B00812ADA /* NightUITests.swift in Sources */,
			);
			runOnlyForDeploymentPostprocessing = 0;
		};
/* End PBXSourcesBuildPhase section */

/* Begin PBXTargetDependency section */
		455B29891BFF964B00812ADA /* PBXTargetDependency */ = {
			isa = PBXTargetDependency;
			target = 455B29721BFF964B00812ADA /* Night */;
			targetProxy = 455B29881BFF964B00812ADA /* PBXContainerItemProxy */;
		};
		455B29941BFF964B00812ADA /* PBXTargetDependency */ = {
			isa = PBXTargetDependency;
			target = 455B29721BFF964B00812ADA /* Night */;
			targetProxy = 455B29931BFF964B00812ADA /* PBXContainerItemProxy */;
		};
/* End PBXTargetDependency section */

/* Begin PBXVariantGroup section */
		455B297F1BFF964B00812ADA /* LaunchScreen.storyboard */ = {
			isa = PBXVariantGroup;
			children = (
				455B29801BFF964B00812ADA /* Base */,
			);
			name = LaunchScreen.storyboard;
			sourceTree = "<group>";
		};
/* End PBXVariantGroup section */

/* Begin XCBuildConfiguration section */
		455B29991BFF964B00812ADA /* Debug */ = {
			isa = XCBuildConfiguration;
			buildSettings = {
				ALWAYS_SEARCH_USER_PATHS = NO;
				CLANG_CXX_LANGUAGE_STANDARD = "gnu++0x";
				CLANG_CXX_LIBRARY = "libc++";
				CLANG_ENABLE_MODULES = YES;
				CLANG_ENABLE_OBJC_ARC = YES;
				CLANG_WARN_BOOL_CONVERSION = YES;
				CLANG_WARN_CONSTANT_CONVERSION = YES;
				CLANG_WARN_DIRECT_OBJC_ISA_USAGE = YES_ERROR;
				CLANG_WARN_EMPTY_BODY = YES;
				CLANG_WARN_ENUM_CONVERSION = YES;
				CLANG_WARN_INT_CONVERSION = YES;
				CLANG_WARN_OBJC_ROOT_CLASS = YES_ERROR;
				CLANG_WARN_UNREACHABLE_CODE = YES;
				CLANG_WARN__DUPLICATE_METHOD_MATCH = YES;
				"CODE_SIGN_IDENTITY[sdk=iphoneos*]" = "iPhone Developer";
				COPY_PHASE_STRIP = NO;
				DEBUG_INFORMATION_FORMAT = dwarf;
				ENABLE_STRICT_OBJC_MSGSEND = YES;
				ENABLE_TESTABILITY = YES;
				GCC_C_LANGUAGE_STANDARD = gnu99;
				GCC_DYNAMIC_NO_PIC = NO;
				GCC_NO_COMMON_BLOCKS = YES;
				GCC_OPTIMIZATION_LEVEL = 0;
				GCC_PREPROCESSOR_DEFINITIONS = (
					"DEBUG=1",
					"$(inherited)",
				);
				GCC_WARN_64_TO_32_BIT_CONVERSION = YES;
				GCC_WARN_ABOUT_RETURN_TYPE = YES_ERROR;
				GCC_WARN_UNDECLARED_SELECTOR = YES;
				GCC_WARN_UNINITIALIZED_AUTOS = YES_AGGRESSIVE;
				GCC_WARN_UNUSED_FUNCTION = YES;
				GCC_WARN_UNUSED_VARIABLE = YES;
				IPHONEOS_DEPLOYMENT_TARGET = 9.1;
				MTL_ENABLE_DEBUG_INFO = YES;
				ONLY_ACTIVE_ARCH = YES;
				SDKROOT = iphoneos;
				SWIFT_OPTIMIZATION_LEVEL = "-Onone";
			};
			name = Debug;
		};
		455B299A1BFF964B00812ADA /* Release */ = {
			isa = XCBuildConfiguration;
			buildSettings = {
				ALWAYS_SEARCH_USER_PATHS = NO;
				CLANG_CXX_LANGUAGE_STANDARD = "gnu++0x";
				CLANG_CXX_LIBRARY = "libc++";
				CLANG_ENABLE_MODULES = YES;
				CLANG_ENABLE_OBJC_ARC = YES;
				CLANG_WARN_BOOL_CONVERSION = YES;
				CLANG_WARN_CONSTANT_CONVERSION = YES;
				CLANG_WARN_DIRECT_OBJC_ISA_USAGE = YES_ERROR;
				CLANG_WARN_EMPTY_BODY = YES;
				CLANG_WARN_ENUM_CONVERSION = YES;
				CLANG_WARN_INT_CONVERSION = YES;
				CLANG_WARN_OBJC_ROOT_CLASS = YES_ERROR;
				CLANG_WARN_UNREACHABLE_CODE = YES;
				CLANG_WARN__DUPLICATE_METHOD_MATCH = YES;
				"CODE_SIGN_IDENTITY[sdk=iphoneos*]" = "iPhone Developer";
				COPY_PHASE_STRIP = NO;
				DEBUG_INFORMATION_FORMAT = "dwarf-with-dsym";
				ENABLE_NS_ASSERTIONS = NO;
				ENABLE_STRICT_OBJC_MSGSEND = YES;
				GCC_C_LANGUAGE_STANDARD = gnu99;
				GCC_NO_COMMON_BLOCKS = YES;
				GCC_WARN_64_TO_32_BIT_CONVERSION = YES;
				GCC_WARN_ABOUT_RETURN_TYPE = YES_ERROR;
				GCC_WARN_UNDECLARED_SELECTOR = YES;
				GCC_WARN_UNINITIALIZED_AUTOS = YES_AGGRESSIVE;
				GCC_WARN_UNUSED_FUNCTION = YES;
				GCC_WARN_UNUSED_VARIABLE = YES;
				IPHONEOS_DEPLOYMENT_TARGET = 9.1;
				MTL_ENABLE_DEBUG_INFO = NO;
				SDKROOT = iphoneos;
				VALIDATE_PRODUCT = YES;
			};
			name = Release;
		};
		455B299C1BFF964B00812ADA /* Debug */ = {
			isa = XCBuildConfiguration;
			buildSettings = {
				ASSETCATALOG_COMPILER_APPICON_NAME = AppIcon;
				INFOPLIST_FILE = Night/Info.plist;
				IPHONEOS_DEPLOYMENT_TARGET = 8.0;
				LD_RUNPATH_SEARCH_PATHS = "$(inherited) @executable_path/Frameworks";
				PRODUCT_BUNDLE_IDENTIFIER = com.air.Night;
				PRODUCT_NAME = "$(TARGET_NAME)";
			};
			name = Debug;
		};
		455B299D1BFF964B00812ADA /* Release */ = {
			isa = XCBuildConfiguration;
			buildSettings = {
				ASSETCATALOG_COMPILER_APPICON_NAME = AppIcon;
				INFOPLIST_FILE = Night/Info.plist;
				IPHONEOS_DEPLOYMENT_TARGET = 8.0;
				LD_RUNPATH_SEARCH_PATHS = "$(inherited) @executable_path/Frameworks";
				PRODUCT_BUNDLE_IDENTIFIER = com.air.Night;
				PRODUCT_NAME = "$(TARGET_NAME)";
			};
			name = Release;
		};
		455B299F1BFF964B00812ADA /* Debug */ = {
			isa = XCBuildConfiguration;
			buildSettings = {
				BUNDLE_LOADER = "$(TEST_HOST)";
				INFOPLIST_FILE = NightTests/Info.plist;
				LD_RUNPATH_SEARCH_PATHS = "$(inherited) @executable_path/Frameworks @loader_path/Frameworks";
				PRODUCT_BUNDLE_IDENTIFIER = com.air.NightTests;
				PRODUCT_NAME = "$(TARGET_NAME)";
				TEST_HOST = "$(BUILT_PRODUCTS_DIR)/Night.app/Night";
			};
			name = Debug;
		};
		455B29A01BFF964B00812ADA /* Release */ = {
			isa = XCBuildConfiguration;
			buildSettings = {
				BUNDLE_LOADER = "$(TEST_HOST)";
				INFOPLIST_FILE = NightTests/Info.plist;
				LD_RUNPATH_SEARCH_PATHS = "$(inherited) @executable_path/Frameworks @loader_path/Frameworks";
				PRODUCT_BUNDLE_IDENTIFIER = com.air.NightTests;
				PRODUCT_NAME = "$(TARGET_NAME)";
				TEST_HOST = "$(BUILT_PRODUCTS_DIR)/Night.app/Night";
			};
			name = Release;
		};
		455B29A21BFF964B00812ADA /* Debug */ = {
			isa = XCBuildConfiguration;
			buildSettings = {
				INFOPLIST_FILE = NightUITests/Info.plist;
				LD_RUNPATH_SEARCH_PATHS = "$(inherited) @executable_path/Frameworks @loader_path/Frameworks";
				PRODUCT_BUNDLE_IDENTIFIER = com.air.NightUITests;
				PRODUCT_NAME = "$(TARGET_NAME)";
				TEST_TARGET_NAME = Night;
				USES_XCTRUNNER = YES;
			};
			name = Debug;
		};
		455B29A31BFF964B00812ADA /* Release */ = {
			isa = XCBuildConfiguration;
			buildSettings = {
				INFOPLIST_FILE = NightUITests/Info.plist;
				LD_RUNPATH_SEARCH_PATHS = "$(inherited) @executable_path/Frameworks @loader_path/Frameworks";
				PRODUCT_BUNDLE_IDENTIFIER = com.air.NightUITests;
				PRODUCT_NAME = "$(TARGET_NAME)";
				TEST_TARGET_NAME = Night;
				USES_XCTRUNNER = YES;
			};
			name = Release;
		};
/* End XCBuildConfiguration section */

/* Begin XCConfigurationList section */
		455B296E1BFF964B00812ADA /* Build configuration list for PBXProject "Night" */ = {
			isa = XCConfigurationList;
			buildConfigurations = (
				455B29991BFF964B00812ADA /* Debug */,
				455B299A1BFF964B00812ADA /* Release */,
			);
			defaultConfigurationIsVisible = 0;
			defaultConfigurationName = Release;
		};
		455B299B1BFF964B00812ADA /* Build configuration list for PBXNativeTarget "Night" */ = {
			isa = XCConfigurationList;
			buildConfigurations = (
				455B299C1BFF964B00812ADA /* Debug */,
				455B299D1BFF964B00812ADA /* Release */,
			);
			defaultConfigurationIsVisible = 0;
			defaultConfigurationName = Release;
		};
		455B299E1BFF964B00812ADA /* Build configuration list for PBXNativeTarget "NightTests" */ = {
			isa = XCConfigurationList;
			buildConfigurations = (
				455B299F1BFF964B00812ADA /* Debug */,
				455B29A01BFF964B00812ADA /* Release */,
			);
			defaultConfigurationIsVisible = 0;
			defaultConfigurationName = Release;
		};
		455B29A11BFF964B00812ADA /* Build configuration list for PBXNativeTarget "NightUITests" */ = {
			isa = XCConfigurationList;
			buildConfigurations = (
				455B29A21BFF964B00812ADA /* Debug */,
				455B29A31BFF964B00812ADA /* Release */,
			);
			defaultConfigurationIsVisible = 0;
			defaultConfigurationName = Release;
		};
/* End XCConfigurationList section */
	};
	rootObject = 455B296B1BFF964B00812ADA /* Project object */;
}
